// !$*UTF8*$!
{
	archiveVersion = 1;
	classes = {
	};
	objectVersion = 46;
	objects = {

/* Begin PBXBuildFile section */
		1B0DC81F1F3E5E6000345846 /* FeedVC.swift in Sources */ = {isa = PBXBuildFile; fileRef = 1B0DC81E1F3E5E6000345846 /* FeedVC.swift */; };
		1B0DC8211F3E5FBA00345846 /* PostCell.swift in Sources */ = {isa = PBXBuildFile; fileRef = 1B0DC8201F3E5FBA00345846 /* PostCell.swift */; };
		1B403F441F2BAF000056CB87 /* DataService.swift in Sources */ = {isa = PBXBuildFile; fileRef = 1B403F431F2BAF000056CB87 /* DataService.swift */; };
		1B6BE2F71F1FF88600D52E09 /* NotoSans-Bold.ttf in Resources */ = {isa = PBXBuildFile; fileRef = 1B6BE2EF1F1FF88600D52E09 /* NotoSans-Bold.ttf */; };
		1B6BE2F81F1FF88600D52E09 /* NotoSans-BoldItalic.ttf in Resources */ = {isa = PBXBuildFile; fileRef = 1B6BE2F01F1FF88600D52E09 /* NotoSans-BoldItalic.ttf */; };
		1B6BE2F91F1FF88600D52E09 /* NotoSans-Italic.ttf in Resources */ = {isa = PBXBuildFile; fileRef = 1B6BE2F11F1FF88600D52E09 /* NotoSans-Italic.ttf */; };
		1B6BE2FA1F1FF88600D52E09 /* NotoSans-Regular.ttf in Resources */ = {isa = PBXBuildFile; fileRef = 1B6BE2F21F1FF88600D52E09 /* NotoSans-Regular.ttf */; };
		1B6BE3001F2003EB00D52E09 /* Materialview.swift in Sources */ = {isa = PBXBuildFile; fileRef = 1B6BE2FF1F2003EB00D52E09 /* Materialview.swift */; };
		1B6BE3031F20046800D52E09 /* Constants.swift in Sources */ = {isa = PBXBuildFile; fileRef = 1B6BE3021F20046800D52E09 /* Constants.swift */; };
		1B6BE3051F200CE200D52E09 /* MaterialButton.swift in Sources */ = {isa = PBXBuildFile; fileRef = 1B6BE3041F200CE200D52E09 /* MaterialButton.swift */; };
		1B6BE3071F2012B400D52E09 /* MaterialTextField.swift in Sources */ = {isa = PBXBuildFile; fileRef = 1B6BE3061F2012B400D52E09 /* MaterialTextField.swift */; };
		1BCD39A81F1FB1EF0075F9C6 /* AppDelegate.swift in Sources */ = {isa = PBXBuildFile; fileRef = 1BCD39A71F1FB1EF0075F9C6 /* AppDelegate.swift */; };
		1BCD39AA1F1FB1EF0075F9C6 /* ViewController.swift in Sources */ = {isa = PBXBuildFile; fileRef = 1BCD39A91F1FB1EF0075F9C6 /* ViewController.swift */; };
		1BCD39AD1F1FB1EF0075F9C6 /* Main.storyboard in Resources */ = {isa = PBXBuildFile; fileRef = 1BCD39AB1F1FB1EF0075F9C6 /* Main.storyboard */; };
		1BCD39AF1F1FB1EF0075F9C6 /* Assets.xcassets in Resources */ = {isa = PBXBuildFile; fileRef = 1BCD39AE1F1FB1EF0075F9C6 /* Assets.xcassets */; };
		1BCD39B21F1FB1EF0075F9C6 /* LaunchScreen.storyboard in Resources */ = {isa = PBXBuildFile; fileRef = 1BCD39B01F1FB1EF0075F9C6 /* LaunchScreen.storyboard */; };
		1BCD39BA1F1FB31E0075F9C6 /* GoogleService-Info.plist in Resources */ = {isa = PBXBuildFile; fileRef = 1BCD39B91F1FB31E0075F9C6 /* GoogleService-Info.plist */; };
		FD831B83C01DBF5C143104EE /* Pods_meroglu_showcase.framework in Frameworks */ = {isa = PBXBuildFile; fileRef = 000DDA1CC2EA9D1EE6CE7180 /* Pods_meroglu_showcase.framework */; };
/* End PBXBuildFile section */

/* Begin PBXFileReference section */
		000DDA1CC2EA9D1EE6CE7180 /* Pods_meroglu_showcase.framework */ = {isa = PBXFileReference; explicitFileType = wrapper.framework; includeInIndex = 0; path = Pods_meroglu_showcase.framework; sourceTree = BUILT_PRODUCTS_DIR; };
		1B0DC81E1F3E5E6000345846 /* FeedVC.swift */ = {isa = PBXFileReference; fileEncoding = 4; lastKnownFileType = sourcecode.swift; path = FeedVC.swift; sourceTree = "<group>"; };
		1B0DC8201F3E5FBA00345846 /* PostCell.swift */ = {isa = PBXFileReference; fileEncoding = 4; lastKnownFileType = sourcecode.swift; path = PostCell.swift; sourceTree = "<group>"; };
		1B403F431F2BAF000056CB87 /* DataService.swift */ = {isa = PBXFileReference; fileEncoding = 4; lastKnownFileType = sourcecode.swift; path = DataService.swift; sourceTree = "<group>"; };
		1B6BE2EA1F1FF37200D52E09 /* meroglu-showcase.entitlements */ = {isa = PBXFileReference; lastKnownFileType = text.plist.entitlements; path = "meroglu-showcase.entitlements"; sourceTree = "<group>"; };
		1B6BE2EF1F1FF88600D52E09 /* NotoSans-Bold.ttf */ = {isa = PBXFileReference; lastKnownFileType = file; path = "NotoSans-Bold.ttf"; sourceTree = "<group>"; };
		1B6BE2F01F1FF88600D52E09 /* NotoSans-BoldItalic.ttf */ = {isa = PBXFileReference; lastKnownFileType = file; path = "NotoSans-BoldItalic.ttf"; sourceTree = "<group>"; };
		1B6BE2F11F1FF88600D52E09 /* NotoSans-Italic.ttf */ = {isa = PBXFileReference; lastKnownFileType = file; path = "NotoSans-Italic.ttf"; sourceTree = "<group>"; };
		1B6BE2F21F1FF88600D52E09 /* NotoSans-Regular.ttf */ = {isa = PBXFileReference; lastKnownFileType = file; path = "NotoSans-Regular.ttf"; sourceTree = "<group>"; };
		1B6BE2FF1F2003EB00D52E09 /* Materialview.swift */ = {isa = PBXFileReference; fileEncoding = 4; lastKnownFileType = sourcecode.swift; path = Materialview.swift; sourceTree = "<group>"; };
		1B6BE3021F20046800D52E09 /* Constants.swift */ = {isa = PBXFileReference; fileEncoding = 4; lastKnownFileType = sourcecode.swift; path = Constants.swift; sourceTree = "<group>"; };
		1B6BE3041F200CE200D52E09 /* MaterialButton.swift */ = {isa = PBXFileReference; fileEncoding = 4; lastKnownFileType = sourcecode.swift; path = MaterialButton.swift; sourceTree = "<group>"; };
		1B6BE3061F2012B400D52E09 /* MaterialTextField.swift */ = {isa = PBXFileReference; fileEncoding = 4; lastKnownFileType = sourcecode.swift; path = MaterialTextField.swift; sourceTree = "<group>"; };
		1BCD39A41F1FB1EF0075F9C6 /* meroglu-showcase.app */ = {isa = PBXFileReference; explicitFileType = wrapper.application; includeInIndex = 0; path = "meroglu-showcase.app"; sourceTree = BUILT_PRODUCTS_DIR; };
		1BCD39A71F1FB1EF0075F9C6 /* AppDelegate.swift */ = {isa = PBXFileReference; lastKnownFileType = sourcecode.swift; path = AppDelegate.swift; sourceTree = "<group>"; };
		1BCD39A91F1FB1EF0075F9C6 /* ViewController.swift */ = {isa = PBXFileReference; lastKnownFileType = sourcecode.swift; path = ViewController.swift; sourceTree = "<group>"; };
		1BCD39AC1F1FB1EF0075F9C6 /* Base */ = {isa = PBXFileReference; lastKnownFileType = file.storyboard; name = Base; path = Base.lproj/Main.storyboard; sourceTree = "<group>"; };
		1BCD39AE1F1FB1EF0075F9C6 /* Assets.xcassets */ = {isa = PBXFileReference; lastKnownFileType = folder.assetcatalog; path = Assets.xcassets; sourceTree = "<group>"; };
		1BCD39B11F1FB1EF0075F9C6 /* Base */ = {isa = PBXFileReference; lastKnownFileType = file.storyboard; name = Base; path = Base.lproj/LaunchScreen.storyboard; sourceTree = "<group>"; };
		1BCD39B31F1FB1EF0075F9C6 /* Info.plist */ = {isa = PBXFileReference; lastKnownFileType = text.plist.xml; path = Info.plist; sourceTree = "<group>"; };
		1BCD39B91F1FB31E0075F9C6 /* GoogleService-Info.plist */ = {isa = PBXFileReference; fileEncoding = 4; lastKnownFileType = text.plist.xml; path = "GoogleService-Info.plist"; sourceTree = "<group>"; };
		DCEF61FD2FA5B833492CA414 /* Pods-meroglu-showcase.release.xcconfig */ = {isa = PBXFileReference; includeInIndex = 1; lastKnownFileType = text.xcconfig; name = "Pods-meroglu-showcase.release.xcconfig"; path = "Pods/Target Support Files/Pods-meroglu-showcase/Pods-meroglu-showcase.release.xcconfig"; sourceTree = "<group>"; };
		E92C29A1A96C692C15B0C4D8 /* Pods-meroglu-showcase.debug.xcconfig */ = {isa = PBXFileReference; includeInIndex = 1; lastKnownFileType = text.xcconfig; name = "Pods-meroglu-showcase.debug.xcconfig"; path = "Pods/Target Support Files/Pods-meroglu-showcase/Pods-meroglu-showcase.debug.xcconfig"; sourceTree = "<group>"; };
/* End PBXFileReference section */

/* Begin PBXFrameworksBuildPhase section */
		1BCD39A11F1FB1EF0075F9C6 /* Frameworks */ = {
			isa = PBXFrameworksBuildPhase;
			buildActionMask = 2147483647;
			files = (
				FD831B83C01DBF5C143104EE /* Pods_meroglu_showcase.framework in Frameworks */,
			);
			runOnlyForDeploymentPostprocessing = 0;
		};
/* End PBXFrameworksBuildPhase section */

/* Begin PBXGroup section */
		1B403F421F2BAEE50056CB87 /* Services */ = {
			isa = PBXGroup;
			children = (
				1B403F431F2BAF000056CB87 /* DataService.swift */,
			);
			name = Services;
			sourceTree = "<group>";
		};
		1B6BE2EB1F1FF80C00D52E09 /* Controller */ = {
			isa = PBXGroup;
			children = (
				1BCD39A91F1FB1EF0075F9C6 /* ViewController.swift */,
				1B0DC81E1F3E5E6000345846 /* FeedVC.swift */,
			);
			name = Controller;
			sourceTree = "<group>";
		};
		1B6BE2EC1F1FF81500D52E09 /* View */ = {
			isa = PBXGroup;
			children = (
				1B6BE2FF1F2003EB00D52E09 /* Materialview.swift */,
				1B6BE3041F200CE200D52E09 /* MaterialButton.swift */,
				1B6BE3061F2012B400D52E09 /* MaterialTextField.swift */,
				1B0DC8201F3E5FBA00345846 /* PostCell.swift */,
			);
			name = View;
			sourceTree = "<group>";
		};
		1B6BE2ED1F1FF81D00D52E09 /* Model */ = {
			isa = PBXGroup;
			children = (
			);
			name = Model;
			sourceTree = "<group>";
		};
		1B6BE2EE1F1FF83200D52E09 /* Resources */ = {
			isa = PBXGroup;
			children = (
				1B6BE2EF1F1FF88600D52E09 /* NotoSans-Bold.ttf */,
				1B6BE2F01F1FF88600D52E09 /* NotoSans-BoldItalic.ttf */,
				1B6BE2F11F1FF88600D52E09 /* NotoSans-Italic.ttf */,
				1B6BE2F21F1FF88600D52E09 /* NotoSans-Regular.ttf */,
			);
			name = Resources;
			sourceTree = "<group>";
		};
		1B6BE3011F20044400D52E09 /* Util */ = {
			isa = PBXGroup;
			children = (
				1B6BE3021F20046800D52E09 /* Constants.swift */,
			);
			name = Util;
			sourceTree = "<group>";
		};
		1BCD399B1F1FB1EF0075F9C6 = {
			isa = PBXGroup;
			children = (
				1BCD39A61F1FB1EF0075F9C6 /* meroglu-showcase */,
				1BCD39A51F1FB1EF0075F9C6 /* Products */,
				D74CDE06ED79BB5FC1D8ABB6 /* Pods */,
				1D6A1E9D1A3A5824D00D955C /* Frameworks */,
			);
			sourceTree = "<group>";
		};
		1BCD39A51F1FB1EF0075F9C6 /* Products */ = {
			isa = PBXGroup;
			children = (
				1BCD39A41F1FB1EF0075F9C6 /* meroglu-showcase.app */,
			);
			name = Products;
			sourceTree = "<group>";
		};
		1BCD39A61F1FB1EF0075F9C6 /* meroglu-showcase */ = {
			isa = PBXGroup;
			children = (
				1B403F421F2BAEE50056CB87 /* Services */,
				1B6BE3011F20044400D52E09 /* Util */,
				1B6BE2EE1F1FF83200D52E09 /* Resources */,
				1B6BE2ED1F1FF81D00D52E09 /* Model */,
				1B6BE2EC1F1FF81500D52E09 /* View */,
				1B6BE2EB1F1FF80C00D52E09 /* Controller */,
				1B6BE2EA1F1FF37200D52E09 /* meroglu-showcase.entitlements */,
				1BCD39A71F1FB1EF0075F9C6 /* AppDelegate.swift */,
				1BCD39AB1F1FB1EF0075F9C6 /* Main.storyboard */,
				1BCD39AE1F1FB1EF0075F9C6 /* Assets.xcassets */,
				1BCD39B01F1FB1EF0075F9C6 /* LaunchScreen.storyboard */,
				1BCD39B31F1FB1EF0075F9C6 /* Info.plist */,
				1BCD39B91F1FB31E0075F9C6 /* GoogleService-Info.plist */,
			);
			path = "meroglu-showcase";
			sourceTree = "<group>";
		};
		1D6A1E9D1A3A5824D00D955C /* Frameworks */ = {
			isa = PBXGroup;
			children = (
				000DDA1CC2EA9D1EE6CE7180 /* Pods_meroglu_showcase.framework */,
			);
			name = Frameworks;
			sourceTree = "<group>";
		};
		D74CDE06ED79BB5FC1D8ABB6 /* Pods */ = {
			isa = PBXGroup;
			children = (
				E92C29A1A96C692C15B0C4D8 /* Pods-meroglu-showcase.debug.xcconfig */,
				DCEF61FD2FA5B833492CA414 /* Pods-meroglu-showcase.release.xcconfig */,
			);
			name = Pods;
			sourceTree = "<group>";
		};
/* End PBXGroup section */

/* Begin PBXNativeTarget section */
		1BCD39A31F1FB1EF0075F9C6 /* meroglu-showcase */ = {
			isa = PBXNativeTarget;
			buildConfigurationList = 1BCD39B61F1FB1EF0075F9C6 /* Build configuration list for PBXNativeTarget "meroglu-showcase" */;
			buildPhases = (
				B3441DD9379D17F2633DC24B /* [CP] Check Pods Manifest.lock */,
				1BCD39A01F1FB1EF0075F9C6 /* Sources */,
				1BCD39A11F1FB1EF0075F9C6 /* Frameworks */,
				1BCD39A21F1FB1EF0075F9C6 /* Resources */,
				D943789C833FCFC948030576 /* [CP] Embed Pods Frameworks */,
				3DD81B07D62839671CBDDD70 /* [CP] Copy Pods Resources */,
			);
			buildRules = (
			);
			dependencies = (
			);
			name = "meroglu-showcase";
			productName = "meroglu-showcase";
			productReference = 1BCD39A41F1FB1EF0075F9C6 /* meroglu-showcase.app */;
			productType = "com.apple.product-type.application";
		};
/* End PBXNativeTarget section */

/* Begin PBXProject section */
		1BCD399C1F1FB1EF0075F9C6 /* Project object */ = {
			isa = PBXProject;
			attributes = {
				LastSwiftUpdateCheck = 0830;
				LastUpgradeCheck = 0830;
				ORGANIZATIONNAME = "Mehmet Eroğlu";
				TargetAttributes = {
					1BCD39A31F1FB1EF0075F9C6 = {
						CreatedOnToolsVersion = 8.3.3;
						DevelopmentTeam = 76NANZTYJ2;
						ProvisioningStyle = Automatic;
						SystemCapabilities = {
							com.apple.Keychain = {
								enabled = 1;
							};
						};
					};
				};
			};
			buildConfigurationList = 1BCD399F1F1FB1EF0075F9C6 /* Build configuration list for PBXProject "meroglu-showcase" */;
			compatibilityVersion = "Xcode 3.2";
			developmentRegion = English;
			hasScannedForEncodings = 0;
			knownRegions = (
				en,
				Base,
			);
			mainGroup = 1BCD399B1F1FB1EF0075F9C6;
			productRefGroup = 1BCD39A51F1FB1EF0075F9C6 /* Products */;
			projectDirPath = "";
			projectRoot = "";
			targets = (
				1BCD39A31F1FB1EF0075F9C6 /* meroglu-showcase */,
			);
		};
/* End PBXProject section */

/* Begin PBXResourcesBuildPhase section */
		1BCD39A21F1FB1EF0075F9C6 /* Resources */ = {
			isa = PBXResourcesBuildPhase;
			buildActionMask = 2147483647;
			files = (
				1B6BE2F81F1FF88600D52E09 /* NotoSans-BoldItalic.ttf in Resources */,
				1BCD39B21F1FB1EF0075F9C6 /* LaunchScreen.storyboard in Resources */,
				1BCD39BA1F1FB31E0075F9C6 /* GoogleService-Info.plist in Resources */,
				1BCD39AF1F1FB1EF0075F9C6 /* Assets.xcassets in Resources */,
				1B6BE2FA1F1FF88600D52E09 /* NotoSans-Regular.ttf in Resources */,
				1B6BE2F91F1FF88600D52E09 /* NotoSans-Italic.ttf in Resources */,
				1B6BE2F71F1FF88600D52E09 /* NotoSans-Bold.ttf in Resources */,
				1BCD39AD1F1FB1EF0075F9C6 /* Main.storyboard in Resources */,
			);
			runOnlyForDeploymentPostprocessing = 0;
		};
/* End PBXResourcesBuildPhase section */

/* Begin PBXShellScriptBuildPhase section */
		3DD81B07D62839671CBDDD70 /* [CP] Copy Pods Resources */ = {
			isa = PBXShellScriptBuildPhase;
			buildActionMask = 2147483647;
			files = (
			);
			inputPaths = (
			);
			name = "[CP] Copy Pods Resources";
			outputPaths = (
			);
			runOnlyForDeploymentPostprocessing = 0;
			shellPath = /bin/sh;
			shellScript = "\"${SRCROOT}/Pods/Target Support Files/Pods-meroglu-showcase/Pods-meroglu-showcase-resources.sh\"\n";
			showEnvVarsInLog = 0;
		};
		B3441DD9379D17F2633DC24B /* [CP] Check Pods Manifest.lock */ = {
			isa = PBXShellScriptBuildPhase;
			buildActionMask = 2147483647;
			files = (
			);
			inputPaths = (
			);
			name = "[CP] Check Pods Manifest.lock";
			outputPaths = (
			);
			runOnlyForDeploymentPostprocessing = 0;
			shellPath = /bin/sh;
			shellScript = "diff \"${PODS_ROOT}/../Podfile.lock\" \"${PODS_ROOT}/Manifest.lock\" > /dev/null\nif [ $? != 0 ] ; then\n    # print error to STDERR\n    echo \"error: The sandbox is not in sync with the Podfile.lock. Run 'pod install' or update your CocoaPods installation.\" >&2\n    exit 1\nfi\n";
			showEnvVarsInLog = 0;
		};
		D943789C833FCFC948030576 /* [CP] Embed Pods Frameworks */ = {
			isa = PBXShellScriptBuildPhase;
			buildActionMask = 2147483647;
			files = (
			);
			inputPaths = (
			);
			name = "[CP] Embed Pods Frameworks";
			outputPaths = (
			);
			runOnlyForDeploymentPostprocessing = 0;
			shellPath = /bin/sh;
			shellScript = "\"${SRCROOT}/Pods/Target Support Files/Pods-meroglu-showcase/Pods-meroglu-showcase-frameworks.sh\"\n";
			showEnvVarsInLog = 0;
		};
/* End PBXShellScriptBuildPhase section */

/* Begin PBXSourcesBuildPhase section */
		1BCD39A01F1FB1EF0075F9C6 /* Sources */ = {
			isa = PBXSourcesBuildPhase;
			buildActionMask = 2147483647;
			files = (
				1B6BE3071F2012B400D52E09 /* MaterialTextField.swift in Sources */,
				1B403F441F2BAF000056CB87 /* DataService.swift in Sources */,
				1BCD39AA1F1FB1EF0075F9C6 /* ViewController.swift in Sources */,
				1B6BE3001F2003EB00D52E09 /* Materialview.swift in Sources */,
				1B0DC81F1F3E5E6000345846 /* FeedVC.swift in Sources */,
				1B0DC8211F3E5FBA00345846 /* PostCell.swift in Sources */,
				1BCD39A81F1FB1EF0075F9C6 /* AppDelegate.swift in Sources */,
				1B6BE3031F20046800D52E09 /* Constants.swift in Sources */,
				1B6BE3051F200CE200D52E09 /* MaterialButton.swift in Sources */,
			);
			runOnlyForDeploymentPostprocessing = 0;
		};
/* End PBXSourcesBuildPhase section */

/* Begin PBXVariantGroup section */
		1BCD39AB1F1FB1EF0075F9C6 /* Main.storyboard */ = {
			isa = PBXVariantGroup;
			children = (
				1BCD39AC1F1FB1EF0075F9C6 /* Base */,
			);
			name = Main.storyboard;
			sourceTree = "<group>";
		};
		1BCD39B01F1FB1EF0075F9C6 /* LaunchScreen.storyboard */ = {
			isa = PBXVariantGroup;
			children = (
				1BCD39B11F1FB1EF0075F9C6 /* Base */,
			);
			name = LaunchScreen.storyboard;
			sourceTree = "<group>";
		};
/* End PBXVariantGroup section */

/* Begin XCBuildConfiguration section */
		1BCD39B41F1FB1EF0075F9C6 /* Debug */ = {
			isa = XCBuildConfiguration;
			buildSettings = {
				ALWAYS_SEARCH_USER_PATHS = NO;
				CLANG_ANALYZER_NONNULL = YES;
				CLANG_ANALYZER_NUMBER_OBJECT_CONVERSION = YES_AGGRESSIVE;
				CLANG_CXX_LANGUAGE_STANDARD = "gnu++0x";
				CLANG_CXX_LIBRARY = "libc++";
				CLANG_ENABLE_MODULES = YES;
				CLANG_ENABLE_OBJC_ARC = YES;
				CLANG_WARN_BOOL_CONVERSION = YES;
				CLANG_WARN_CONSTANT_CONVERSION = YES;
				CLANG_WARN_DIRECT_OBJC_ISA_USAGE = YES_ERROR;
				CLANG_WARN_DOCUMENTATION_COMMENTS = YES;
				CLANG_WARN_EMPTY_BODY = YES;
				CLANG_WARN_ENUM_CONVERSION = YES;
				CLANG_WARN_INFINITE_RECURSION = YES;
				CLANG_WARN_INT_CONVERSION = YES;
				CLANG_WARN_OBJC_ROOT_CLASS = YES_ERROR;
				CLANG_WARN_SUSPICIOUS_MOVE = YES;
				CLANG_WARN_UNREACHABLE_CODE = YES;
				CLANG_WARN__DUPLICATE_METHOD_MATCH = YES;
				"CODE_SIGN_IDENTITY[sdk=iphoneos*]" = "iPhone Developer";
				COPY_PHASE_STRIP = NO;
				DEBUG_INFORMATION_FORMAT = dwarf;
				ENABLE_STRICT_OBJC_MSGSEND = YES;
				ENABLE_TESTABILITY = YES;
				GCC_C_LANGUAGE_STANDARD = gnu99;
				GCC_DYNAMIC_NO_PIC = NO;
				GCC_NO_COMMON_BLOCKS = YES;
				GCC_OPTIMIZATION_LEVEL = 0;
				GCC_PREPROCESSOR_DEFINITIONS = (
					"DEBUG=1",
					"$(inherited)",
				);
				GCC_WARN_64_TO_32_BIT_CONVERSION = YES;
				GCC_WARN_ABOUT_RETURN_TYPE = YES_ERROR;
				GCC_WARN_UNDECLARED_SELECTOR = YES;
				GCC_WARN_UNINITIALIZED_AUTOS = YES_AGGRESSIVE;
				GCC_WARN_UNUSED_FUNCTION = YES;
				GCC_WARN_UNUSED_VARIABLE = YES;
				IPHONEOS_DEPLOYMENT_TARGET = 10.3;
				MTL_ENABLE_DEBUG_INFO = YES;
				ONLY_ACTIVE_ARCH = YES;
				SDKROOT = iphoneos;
				SWIFT_ACTIVE_COMPILATION_CONDITIONS = DEBUG;
				SWIFT_OPTIMIZATION_LEVEL = "-Onone";
				TARGETED_DEVICE_FAMILY = "1,2";
			};
			name = Debug;
		};
		1BCD39B51F1FB1EF0075F9C6 /* Release */ = {
			isa = XCBuildConfiguration;
			buildSettings = {
				ALWAYS_SEARCH_USER_PATHS = NO;
				CLANG_ANALYZER_NONNULL = YES;
				CLANG_ANALYZER_NUMBER_OBJECT_CONVERSION = YES_AGGRESSIVE;
				CLANG_CXX_LANGUAGE_STANDARD = "gnu++0x";
				CLANG_CXX_LIBRARY = "libc++";
				CLANG_ENABLE_MODULES = YES;
				CLANG_ENABLE_OBJC_ARC = YES;
				CLANG_WARN_BOOL_CONVERSION = YES;
				CLANG_WARN_CONSTANT_CONVERSION = YES;
				CLANG_WARN_DIRECT_OBJC_ISA_USAGE = YES_ERROR;
				CLANG_WARN_DOCUMENTATION_COMMENTS = YES;
				CLANG_WARN_EMPTY_BODY = YES;
				CLANG_WARN_ENUM_CONVERSION = YES;
				CLANG_WARN_INFINITE_RECURSION = YES;
				CLANG_WARN_INT_CONVERSION = YES;
				CLANG_WARN_OBJC_ROOT_CLASS = YES_ERROR;
				CLANG_WARN_SUSPICIOUS_MOVE = YES;
				CLANG_WARN_UNREACHABLE_CODE = YES;
				CLANG_WARN__DUPLICATE_METHOD_MATCH = YES;
				"CODE_SIGN_IDENTITY[sdk=iphoneos*]" = "iPhone Developer";
				COPY_PHASE_STRIP = NO;
				DEBUG_INFORMATION_FORMAT = "dwarf-with-dsym";
				ENABLE_NS_ASSERTIONS = NO;
				ENABLE_STRICT_OBJC_MSGSEND = YES;
				GCC_C_LANGUAGE_STANDARD = gnu99;
				GCC_NO_COMMON_BLOCKS = YES;
				GCC_WARN_64_TO_32_BIT_CONVERSION = YES;
				GCC_WARN_ABOUT_RETURN_TYPE = YES_ERROR;
				GCC_WARN_UNDECLARED_SELECTOR = YES;
				GCC_WARN_UNINITIALIZED_AUTOS = YES_AGGRESSIVE;
				GCC_WARN_UNUSED_FUNCTION = YES;
				GCC_WARN_UNUSED_VARIABLE = YES;
				IPHONEOS_DEPLOYMENT_TARGET = 10.3;
				MTL_ENABLE_DEBUG_INFO = NO;
				SDKROOT = iphoneos;
				SWIFT_OPTIMIZATION_LEVEL = "-Owholemodule";
				TARGETED_DEVICE_FAMILY = "1,2";
				VALIDATE_PRODUCT = YES;
			};
			name = Release;
		};
		1BCD39B71F1FB1EF0075F9C6 /* Debug */ = {
			isa = XCBuildConfiguration;
			baseConfigurationReference = E92C29A1A96C692C15B0C4D8 /* Pods-meroglu-showcase.debug.xcconfig */;
			buildSettings = {
				ASSETCATALOG_COMPILER_APPICON_NAME = AppIcon;
				CODE_SIGN_ENTITLEMENTS = "meroglu-showcase/meroglu-showcase.entitlements";
				DEVELOPMENT_TEAM = 76NANZTYJ2;
				INFOPLIST_FILE = "meroglu-showcase/Info.plist";
				LD_RUNPATH_SEARCH_PATHS = "$(inherited) @executable_path/Frameworks";
				PRODUCT_BUNDLE_IDENTIFIER = "com.meroglu-showcase";
				PRODUCT_NAME = "$(TARGET_NAME)";
				SWIFT_VERSION = 3.0;
			};
			name = Debug;
		};
		1BCD39B81F1FB1EF0075F9C6 /* Release */ = {
			isa = XCBuildConfiguration;
			baseConfigurationReference = DCEF61FD2FA5B833492CA414 /* Pods-meroglu-showcase.release.xcconfig */;
			buildSettings = {
				ASSETCATALOG_COMPILER_APPICON_NAME = AppIcon;
				CODE_SIGN_ENTITLEMENTS = "meroglu-showcase/meroglu-showcase.entitlements";
				DEVELOPMENT_TEAM = 76NANZTYJ2;
				INFOPLIST_FILE = "meroglu-showcase/Info.plist";
				LD_RUNPATH_SEARCH_PATHS = "$(inherited) @executable_path/Frameworks";
				PRODUCT_BUNDLE_IDENTIFIER = "com.meroglu-showcase";
				PRODUCT_NAME = "$(TARGET_NAME)";
				SWIFT_VERSION = 3.0;
			};
			name = Release;
		};
/* End XCBuildConfiguration section */

/* Begin XCConfigurationList section */
		1BCD399F1F1FB1EF0075F9C6 /* Build configuration list for PBXProject "meroglu-showcase" */ = {
			isa = XCConfigurationList;
			buildConfigurations = (
				1BCD39B41F1FB1EF0075F9C6 /* Debug */,
				1BCD39B51F1FB1EF0075F9C6 /* Release */,
			);
			defaultConfigurationIsVisible = 0;
			defaultConfigurationName = Release;
		};
		1BCD39B61F1FB1EF0075F9C6 /* Build configuration list for PBXNativeTarget "meroglu-showcase" */ = {
			isa = XCConfigurationList;
			buildConfigurations = (
				1BCD39B71F1FB1EF0075F9C6 /* Debug */,
				1BCD39B81F1FB1EF0075F9C6 /* Release */,
			);
			defaultConfigurationIsVisible = 0;
			defaultConfigurationName = Release;
		};
/* End XCConfigurationList section */
	};
	rootObject = 1BCD399C1F1FB1EF0075F9C6 /* Project object */;
}
